PODS:
  - CardIO (5.4.1)
  - Flutter (1.0.0)
  - flutter_card_io (0.0.1):
    - CardIO
    - Flutter

DEPENDENCIES:
  - Flutter (from `Pods/.symlinks/flutter/ios-release`)
  - flutter_card_io (from `Pods/.symlinks/plugins/flutter_card_io/ios`)

SPEC REPOS:
  https://github.com/cocoapods/specs.git:
    - CardIO

EXTERNAL SOURCES:
  Flutter:
    :path: Pods/.symlinks/flutter/ios-release
  flutter_card_io:
    :path: Pods/.symlinks/plugins/flutter_card_io/ios

SPEC CHECKSUMS:
  CardIO: 56983b39b62f495fc6dae9ad7cf875143df06443
  Flutter: 9d0fac939486c9aba2809b7982dfdbb47a7b0296
  flutter_card_io: dc89303a27586e22bdc5dceb32dc5d558381b444

PODFILE CHECKSUM: 0420ab312a523ae0eecfb1fc19ea51dd82cc17c7

COCOAPODS: 1.5.3
